
Microsoft Visual Studio Solution File, Format Version 12.00
# Visual Studio 15
VisualStudioVersion = 15.0.27703.2042
MinimumVisualStudioVersion = 10.0.40219.1
Project("{FAE04EC0-301F-11D3-BF4B-00C04F79EFBC}") = "azure-532-lab", "azure-532-lab\azure-532-lab.csproj", "{FE2282E1-181A-4DDE-AA56-9CF9FDB63CE1}"
EndProject
Global
	GlobalSection(SolutionConfigurationPlatforms) = preSolution
		Debug|Any CPU = Debug|Any CPU
		Release|Any CPU = Release|Any CPU
	EndGlobalSection
	GlobalSection(ProjectConfigurationPlatforms) = postSolution
		{FE2282E1-181A-4DDE-AA56-9CF9FDB63CE1}.Debug|Any CPU.ActiveCfg = Debug|Any CPU
		{FE2282E1-181A-4DDE-AA56-9CF9FDB63CE1}.Debug|Any CPU.Build.0 = Debug|Any CPU
		{FE2282E1-181A-4DDE-AA56-9CF9FDB63CE1}.Release|Any CPU.ActiveCfg = Release|Any CPU
		{FE2282E1-181A-4DDE-AA56-9CF9FDB63CE1}.Release|Any CPU.Build.0 = Release|Any CPU
	EndGlobalSection
	GlobalSection(SolutionProperties) = preSolution
		HideSolutionNode = FALSE
	EndGlobalSection
	GlobalSection(ExtensibilityGlobals) = postSolution
		SolutionGuid = {74E2497C-E732-4A94-A887-F8067691CA3D}
	EndGlobalSection
EndGlobal
